<?xml version="1.0" encoding="utf-8"?>
<Project ToolsVersion="4.0" xmlns="http://schemas.microsoft.com/developer/msbuild/2003">
  <ItemGroup>
    <ClCompile Include="arbitrary_precision_integer.cpp" />
    <ClCompile Include="binary_insertion_sort.cpp" />
    <ClCompile Include="bit.cpp" />
    <ClCompile Include="bi_edge.cpp" />
    <ClCompile Include="bubble_sort.cpp" />
    <ClCompile Include="chash.cpp" />
    <ClCompile Include="choose.cpp" />
    <ClCompile Include="compress.cpp" />
    <ClCompile Include="debug.cpp" />
    <ClCompile Include="desopo_pape.cpp" />
    <ClCompile Include="digit_sum.cpp" />
    <ClCompile Include="dijkstra.cpp" />
    <ClCompile Include="dsu.cpp" />
    <ClCompile Include="edge.cpp" />
    <ClCompile Include="factorize.cpp" />
    <ClCompile Include="gcd.cpp" />
    <ClCompile Include="graph.cpp" />
    <ClCompile Include="heap_sort.cpp" />
    <ClCompile Include="input.cpp" />
    <ClCompile Include="insertion_sort.cpp" />
    <ClCompile Include="kosarajus_sccs.cpp" />
    <ClCompile Include="lcm.cpp" />
    <ClCompile Include="linear_diophantine.cpp" />
    <ClCompile Include="merge_sort.cpp" />
    <ClCompile Include="miller_rabin.cpp" />
    <ClCompile Include="modular.cpp" />
    <ClCompile Include="output.cpp" />
    <ClCompile Include="pollards_rho.cpp" />
    <ClCompile Include="polynomial.cpp" />
    <ClCompile Include="power.cpp" />
    <ClCompile Include="prng.cpp" />
    <ClCompile Include="quadratic_diophantine.cpp" />
    <ClCompile Include="quick_sort.cpp" />
    <ClCompile Include="selection_sort.cpp" />
    <ClCompile Include="timer.cpp" />
    <ClCompile Include="to_string.cpp" />
    <ClCompile Include="trailing_zero_bits.cpp" />
    <ClCompile Include="weighted_bi_edge.cpp" />
    <ClCompile Include="weighted_edge.cpp" />
    <ClCompile Include="y_combinator.cpp" />
    <ClCompile Include="distinct_elements.cpp" />
  </ItemGroup>
  <ItemGroup>
    <ClInclude Include="arbitrary_precision_integer.h" />
    <ClInclude Include="base.h" />
    <ClInclude Include="binary_insertion_sort.h" />
    <ClInclude Include="bit.h" />
    <ClInclude Include="bi_edge.h" />
    <ClInclude Include="bubble_sort.h" />
    <ClInclude Include="chash.h" />
    <ClInclude Include="choose.h" />
    <ClInclude Include="compress.h" />
    <ClInclude Include="debug.h" />
    <ClInclude Include="desopo_pape.h" />
    <ClInclude Include="digit_sum.h" />
    <ClInclude Include="dijkstra.h" />
    <ClInclude Include="dsu.h" />
    <ClInclude Include="edge.h" />
    <ClInclude Include="factorize.h" />
    <ClInclude Include="gcd.h" />
    <ClInclude Include="graph.h" />
    <ClInclude Include="heap_sort.h" />
    <ClInclude Include="input.h" />
    <ClInclude Include="insertion_sort.h" />
    <ClInclude Include="kosarajus_sccs.h" />
    <ClInclude Include="lcm.h" />
    <ClInclude Include="linear_diophantine.h" />
    <ClInclude Include="merge_sort.h" />
    <ClInclude Include="miller_rabin.h" />
    <ClInclude Include="modular.h" />
    <ClInclude Include="output.h" />
    <ClInclude Include="pollards_rho.h" />
    <ClInclude Include="polynomial.h" />
    <ClInclude Include="power.h" />
    <ClInclude Include="prng.h" />
    <ClInclude Include="quadratic_diophantine.h" />
    <ClInclude Include="quick_sort.h" />
    <ClInclude Include="selection_sort.h" />
    <ClInclude Include="timer.h" />
    <ClInclude Include="to_string.h" />
    <ClInclude Include="trailing_zero_bits.h" />
    <ClInclude Include="weighted_bi_edge.h" />
    <ClInclude Include="weighted_edge.h" />
    <ClInclude Include="y_combinator.h" />
    <ClInclude Include="distinct_elements.h" />
  </ItemGroup>
</Project>