<?xml version="1.0" encoding="utf-8"?>
<Project ToolsVersion="4.0" xmlns="http://schemas.microsoft.com/developer/msbuild/2003">
  <ItemGroup>
    <ClInclude Include="lib\arbitrary_precision_integer.h">
      <Filter>lib</Filter>
    </ClInclude>
    <ClInclude Include="lib\base.h">
      <Filter>lib</Filter>
    </ClInclude>
    <ClInclude Include="lib\binary_insertion_sort.h">
      <Filter>lib</Filter>
    </ClInclude>
    <ClInclude Include="lib\bit.h">
      <Filter>lib</Filter>
    </ClInclude>
    <ClInclude Include="lib\bi_edge.h">
      <Filter>lib</Filter>
    </ClInclude>
    <ClInclude Include="lib\bubble_sort.h">
      <Filter>lib</Filter>
    </ClInclude>
    <ClInclude Include="lib\chash.h">
      <Filter>lib</Filter>
    </ClInclude>
    <ClInclude Include="lib\choose.h">
      <Filter>lib</Filter>
    </ClInclude>
    <ClInclude Include="lib\compress.h">
      <Filter>lib</Filter>
    </ClInclude>
    <ClInclude Include="lib\counting_sort.h">
      <Filter>lib</Filter>
    </ClInclude>
    <ClInclude Include="lib\debug.h">
      <Filter>lib</Filter>
    </ClInclude>
    <ClInclude Include="lib\desopo_pape.h">
      <Filter>lib</Filter>
    </ClInclude>
    <ClInclude Include="lib\digit_sum.h">
      <Filter>lib</Filter>
    </ClInclude>
    <ClInclude Include="lib\dijkstra.h">
      <Filter>lib</Filter>
    </ClInclude>
    <ClInclude Include="lib\distinctelements.h">
      <Filter>lib</Filter>
    </ClInclude>
    <ClInclude Include="lib\dsu.h">
      <Filter>lib</Filter>
    </ClInclude>
    <ClInclude Include="lib\edge.h">
      <Filter>lib</Filter>
    </ClInclude>
    <ClInclude Include="lib\factorize.h">
      <Filter>lib</Filter>
    </ClInclude>
    <ClInclude Include="lib\gcd.h">
      <Filter>lib</Filter>
    </ClInclude>
    <ClInclude Include="lib\graph.h">
      <Filter>lib</Filter>
    </ClInclude>
    <ClInclude Include="lib\heap_sort.h">
      <Filter>lib</Filter>
    </ClInclude>
    <ClInclude Include="lib\input.h">
      <Filter>lib</Filter>
    </ClInclude>
    <ClInclude Include="lib\insertion_sort.h">
      <Filter>lib</Filter>
    </ClInclude>
    <ClInclude Include="lib\kosarajus_sccs.h">
      <Filter>lib</Filter>
    </ClInclude>
    <ClInclude Include="lib\lcm.h">
      <Filter>lib</Filter>
    </ClInclude>
    <ClInclude Include="lib\linear_diophantine.h">
      <Filter>lib</Filter>
    </ClInclude>
    <ClInclude Include="lib\merge_sort.h">
      <Filter>lib</Filter>
    </ClInclude>
    <ClInclude Include="lib\miller_rabin.h">
      <Filter>lib</Filter>
    </ClInclude>
    <ClInclude Include="lib\modular.h">
      <Filter>lib</Filter>
    </ClInclude>
    <ClInclude Include="lib\output.h">
      <Filter>lib</Filter>
    </ClInclude>
    <ClInclude Include="lib\pollards_rho.h">
      <Filter>lib</Filter>
    </ClInclude>
    <ClInclude Include="lib\polynomial.h">
      <Filter>lib</Filter>
    </ClInclude>
    <ClInclude Include="lib\power.h">
      <Filter>lib</Filter>
    </ClInclude>
    <ClInclude Include="lib\prng.h">
      <Filter>lib</Filter>
    </ClInclude>
    <ClInclude Include="lib\quadratic_diophantine.h">
      <Filter>lib</Filter>
    </ClInclude>
    <ClInclude Include="lib\quick_sort.h">
      <Filter>lib</Filter>
    </ClInclude>
    <ClInclude Include="lib\selection_sort.h">
      <Filter>lib</Filter>
    </ClInclude>
    <ClInclude Include="lib\timer.h">
      <Filter>lib</Filter>
    </ClInclude>
    <ClInclude Include="lib\to_string.h">
      <Filter>lib</Filter>
    </ClInclude>
    <ClInclude Include="lib\trailing_zero_bits.h">
      <Filter>lib</Filter>
    </ClInclude>
    <ClInclude Include="lib\weighted_bi_edge.h">
      <Filter>lib</Filter>
    </ClInclude>
    <ClInclude Include="lib\weighted_edge.h">
      <Filter>lib</Filter>
    </ClInclude>
    <ClInclude Include="lib\y_combinator.h">
      <Filter>lib</Filter>
    </ClInclude>
    <ClInclude Include="lib\arbitrary_precision_integer.hpp" />
    <ClInclude Include="lib\choose.hpp" />
    <ClInclude Include="lib\compress.hpp" />
    <ClInclude Include="lib\desopo_pape.hpp" />
    <ClInclude Include="lib\digit_sum.hpp" />
    <ClInclude Include="lib\dijkstra.hpp" />
    <ClInclude Include="lib\distinctelements.hpp" />
    <ClInclude Include="lib\dsu.hpp" />
    <ClInclude Include="lib\factorize.hpp" />
    <ClInclude Include="lib\gcd.hpp" />
    <ClInclude Include="lib\kosarajus_sccs.hpp" />
    <ClInclude Include="lib\lcm.hpp" />
    <ClInclude Include="lib\linear_diophantine.hpp" />
    <ClInclude Include="lib\miller_rabin.hpp" />
    <ClInclude Include="lib\modular.hpp" />
    <ClInclude Include="lib\pollards_rho.hpp" />
    <ClInclude Include="lib\polynomial.hpp" />
    <ClInclude Include="lib\power.hpp" />
    <ClInclude Include="lib\quadratic_diophantine.hpp" />
    <ClInclude Include="lib\trailing_zero_bits.hpp" />
  </ItemGroup>
  <ItemGroup>
    <ClCompile Include="lib\arbitrary_precision_integer.cpp">
      <Filter>lib</Filter>
    </ClCompile>
    <ClCompile Include="lib\binary_insertion_sort.cpp">
      <Filter>lib</Filter>
    </ClCompile>
    <ClCompile Include="lib\bit.cpp">
      <Filter>lib</Filter>
    </ClCompile>
    <ClCompile Include="lib\bi_edge.cpp">
      <Filter>lib</Filter>
    </ClCompile>
    <ClCompile Include="lib\bubble_sort.cpp">
      <Filter>lib</Filter>
    </ClCompile>
    <ClCompile Include="lib\chash.cpp">
      <Filter>lib</Filter>
    </ClCompile>
    <ClCompile Include="lib\choose.cpp">
      <Filter>lib</Filter>
    </ClCompile>
    <ClCompile Include="lib\compress.cpp">
      <Filter>lib</Filter>
    </ClCompile>
    <ClCompile Include="lib\counting_sort.cpp">
      <Filter>lib</Filter>
    </ClCompile>
    <ClCompile Include="lib\debug.cpp">
      <Filter>lib</Filter>
    </ClCompile>
    <ClCompile Include="lib\desopo_pape.cpp">
      <Filter>lib</Filter>
    </ClCompile>
    <ClCompile Include="lib\digit_sum.cpp">
      <Filter>lib</Filter>
    </ClCompile>
    <ClCompile Include="lib\dijkstra.cpp">
      <Filter>lib</Filter>
    </ClCompile>
    <ClCompile Include="lib\distinctelements.cpp">
      <Filter>lib</Filter>
    </ClCompile>
    <ClCompile Include="lib\dsu.cpp">
      <Filter>lib</Filter>
    </ClCompile>
    <ClCompile Include="lib\edge.cpp">
      <Filter>lib</Filter>
    </ClCompile>
    <ClCompile Include="lib\factorize.cpp">
      <Filter>lib</Filter>
    </ClCompile>
    <ClCompile Include="lib\gcd.cpp">
      <Filter>lib</Filter>
    </ClCompile>
    <ClCompile Include="lib\graph.cpp">
      <Filter>lib</Filter>
    </ClCompile>
    <ClCompile Include="lib\heap_sort.cpp">
      <Filter>lib</Filter>
    </ClCompile>
    <ClCompile Include="lib\input.cpp">
      <Filter>lib</Filter>
    </ClCompile>
    <ClCompile Include="lib\insertion_sort.cpp">
      <Filter>lib</Filter>
    </ClCompile>
    <ClCompile Include="lib\kosarajus_sccs.cpp">
      <Filter>lib</Filter>
    </ClCompile>
    <ClCompile Include="lib\lcm.cpp">
      <Filter>lib</Filter>
    </ClCompile>
    <ClCompile Include="lib\linear_diophantine.cpp">
      <Filter>lib</Filter>
    </ClCompile>
    <ClCompile Include="lib\merge_sort.cpp">
      <Filter>lib</Filter>
    </ClCompile>
    <ClCompile Include="lib\miller_rabin.cpp">
      <Filter>lib</Filter>
    </ClCompile>
    <ClCompile Include="lib\modular.cpp">
      <Filter>lib</Filter>
    </ClCompile>
    <ClCompile Include="lib\output.cpp">
      <Filter>lib</Filter>
    </ClCompile>
    <ClCompile Include="lib\pollards_rho.cpp">
      <Filter>lib</Filter>
    </ClCompile>
    <ClCompile Include="lib\polynomial.cpp">
      <Filter>lib</Filter>
    </ClCompile>
    <ClCompile Include="lib\power.cpp">
      <Filter>lib</Filter>
    </ClCompile>
    <ClCompile Include="lib\prng.cpp">
      <Filter>lib</Filter>
    </ClCompile>
    <ClCompile Include="lib\quadratic_diophantine.cpp">
      <Filter>lib</Filter>
    </ClCompile>
    <ClCompile Include="lib\quick_sort.cpp">
      <Filter>lib</Filter>
    </ClCompile>
    <ClCompile Include="lib\selection_sort.cpp">
      <Filter>lib</Filter>
    </ClCompile>
    <ClCompile Include="lib\timer.cpp">
      <Filter>lib</Filter>
    </ClCompile>
    <ClCompile Include="lib\to_string.cpp">
      <Filter>lib</Filter>
    </ClCompile>
    <ClCompile Include="lib\trailing_zero_bits.cpp">
      <Filter>lib</Filter>
    </ClCompile>
    <ClCompile Include="lib\weighted_bi_edge.cpp">
      <Filter>lib</Filter>
    </ClCompile>
    <ClCompile Include="lib\weighted_edge.cpp">
      <Filter>lib</Filter>
    </ClCompile>
    <ClCompile Include="lib\y_combinator.cpp">
      <Filter>lib</Filter>
    </ClCompile>
  </ItemGroup>
  <ItemGroup>
    <Filter Include="lib">
      <UniqueIdentifier>{8579c696-4108-45e4-b142-893906b4058b}</UniqueIdentifier>
    </Filter>
  </ItemGroup>
</Project>