
Microsoft Visual Studio Solution File, Format Version 12.00
# Visual Studio Version 16
VisualStudioVersion = 16.0.30907.101
MinimumVisualStudioVersion = 10.0.40219.1
Project("{8BC9CEB8-8B4A-11D0-8D11-00A0C91BC942}") = "cp", "cp.vcxproj", "{42F21BF4-AF87-4746-9714-0165EC454286}"
EndProject
Project("{8BC9CEB8-8B4A-11D0-8D11-00A0C91BC942}") = "cpplib", "cpplib\cpplib.vcxproj", "{481E5440-D03D-52B1-92EC-E95F3BB538AA}"
EndProject
Project("{8BC9CEB8-8B4A-11D0-8D11-00A0C91BC942}") = "submission", "submission\submission.vcxproj", "{ABD95606-771C-4FC5-85E2-7CE089EE7B6E}"
EndProject
Global
	GlobalSection(SolutionConfigurationPlatforms) = preSolution
		Debug|x64 = Debug|x64
		Debug|x86 = Debug|x86
		Release|x64 = Release|x64
		Release|x86 = Release|x86
	EndGlobalSection
	GlobalSection(ProjectConfigurationPlatforms) = postSolution
		{42F21BF4-AF87-4746-9714-0165EC454286}.Debug|x64.ActiveCfg = Debug|x64
		{42F21BF4-AF87-4746-9714-0165EC454286}.Debug|x64.Build.0 = Debug|x64
		{42F21BF4-AF87-4746-9714-0165EC454286}.Debug|x86.ActiveCfg = Debug|Win32
		{42F21BF4-AF87-4746-9714-0165EC454286}.Debug|x86.Build.0 = Debug|Win32
		{42F21BF4-AF87-4746-9714-0165EC454286}.Release|x64.ActiveCfg = Release|x64
		{42F21BF4-AF87-4746-9714-0165EC454286}.Release|x64.Build.0 = Release|x64
		{42F21BF4-AF87-4746-9714-0165EC454286}.Release|x86.ActiveCfg = Release|Win32
		{42F21BF4-AF87-4746-9714-0165EC454286}.Release|x86.Build.0 = Release|Win32
		{481E5440-D03D-52B1-92EC-E95F3BB538AA}.Debug|x64.ActiveCfg = Debug|Win32
		{481E5440-D03D-52B1-92EC-E95F3BB538AA}.Debug|x86.ActiveCfg = Debug|Win32
		{481E5440-D03D-52B1-92EC-E95F3BB538AA}.Debug|x86.Build.0 = Debug|Win32
		{481E5440-D03D-52B1-92EC-E95F3BB538AA}.Release|x64.ActiveCfg = Release|Win32
		{481E5440-D03D-52B1-92EC-E95F3BB538AA}.Release|x86.ActiveCfg = Release|Win32
		{481E5440-D03D-52B1-92EC-E95F3BB538AA}.Release|x86.Build.0 = Release|Win32
		{ABD95606-771C-4FC5-85E2-7CE089EE7B6E}.Debug|x64.ActiveCfg = Debug|Win32
		{ABD95606-771C-4FC5-85E2-7CE089EE7B6E}.Debug|x86.ActiveCfg = Debug|Win32
		{ABD95606-771C-4FC5-85E2-7CE089EE7B6E}.Debug|x86.Build.0 = Debug|Win32
		{ABD95606-771C-4FC5-85E2-7CE089EE7B6E}.Release|x64.ActiveCfg = Release|Win32
		{ABD95606-771C-4FC5-85E2-7CE089EE7B6E}.Release|x86.ActiveCfg = Release|Win32
		{ABD95606-771C-4FC5-85E2-7CE089EE7B6E}.Release|x86.Build.0 = Release|Win32
	EndGlobalSection
	GlobalSection(SolutionProperties) = preSolution
		HideSolutionNode = FALSE
	EndGlobalSection
	GlobalSection(ExtensibilityGlobals) = postSolution
		SolutionGuid = {932977EE-0E2B-4C83-A4DB-9F318E722F06}
	EndGlobalSection
EndGlobal
