<?xml version="1.0" encoding="utf-8"?>
<Project ToolsVersion="4.0" xmlns="http://schemas.microsoft.com/developer/msbuild/2003">
  <ItemGroup>
    <Filter Include="datastructures">
      <UniqueIdentifier>{7404c730-30ca-4412-918e-d4a2e96e2606}</UniqueIdentifier>
    </Filter>
    <Filter Include="general">
      <UniqueIdentifier>{2727cac9-5ec5-4b36-a8cc-ff2199e05177}</UniqueIdentifier>
    </Filter>
    <Filter Include="graph">
      <UniqueIdentifier>{1bdb7afa-b0b7-4cba-88b9-32e182a15cd0}</UniqueIdentifier>
    </Filter>
    <Filter Include="graph\base">
      <UniqueIdentifier>{38ce43dc-3d3a-4c9e-b7ba-6b39c49518dd}</UniqueIdentifier>
    </Filter>
    <Filter Include="graph\base\edges">
      <UniqueIdentifier>{c840289e-efc3-47d0-8c83-2dcfe2e5e43a}</UniqueIdentifier>
    </Filter>
    <Filter Include="numerical">
      <UniqueIdentifier>{131fe3f8-36a9-422f-a4c5-1ee5d926c87b}</UniqueIdentifier>
    </Filter>
    <Filter Include="offline">
      <UniqueIdentifier>{d617902c-bd34-4b33-9976-c516a6555430}</UniqueIdentifier>
    </Filter>
    <Filter Include="sorting">
      <UniqueIdentifier>{84be4cbd-842b-4d79-8000-7070006115b7}</UniqueIdentifier>
    </Filter>
    <Filter Include="data_structures">
      <UniqueIdentifier>{f4ef942f-7c45-46ae-9988-7c22f1c71152}</UniqueIdentifier>
    </Filter>
  </ItemGroup>
  <ItemGroup>
    <ClInclude Include="arbitrary_precision_integer.h" />
    <ClInclude Include="base.h" />
    <ClInclude Include="binary_insertion_sort.h" />
    <ClInclude Include="bit.h" />
    <ClInclude Include="bi_edge.h" />
    <ClInclude Include="bubble_sort.h" />
    <ClInclude Include="chash.h" />
    <ClInclude Include="choose.h" />
    <ClInclude Include="compress.h" />
    <ClInclude Include="counting_sort.h" />
    <ClInclude Include="debug.h" />
    <ClInclude Include="desopo_pape.h" />
    <ClInclude Include="digit_sum.h" />
    <ClInclude Include="dijkstra.h" />
    <ClInclude Include="distinctelements.h" />
    <ClInclude Include="dsu.h" />
    <ClInclude Include="edge.h" />
    <ClInclude Include="factorize.h" />
    <ClInclude Include="gcd.h" />
    <ClInclude Include="graph.h" />
    <ClInclude Include="heap_sort.h" />
    <ClInclude Include="input.h" />
    <ClInclude Include="insertion_sort.h" />
    <ClInclude Include="kosarajus_sccs.h" />
    <ClInclude Include="lcm.h" />
    <ClInclude Include="linear_diophantine.h" />
    <ClInclude Include="merge_sort.h" />
    <ClInclude Include="miller_rabin.h" />
    <ClInclude Include="modular.h" />
    <ClInclude Include="output.h" />
    <ClInclude Include="pollards_rho.h" />
    <ClInclude Include="polynomial.h" />
    <ClInclude Include="power.h" />
    <ClInclude Include="prng.h" />
    <ClInclude Include="quadratic_diophantine.h" />
    <ClInclude Include="quick_sort.h" />
    <ClInclude Include="selection_sort.h" />
    <ClInclude Include="timer.h" />
    <ClInclude Include="to_string.h" />
    <ClInclude Include="trailing_zero_bits.h" />
    <ClInclude Include="weighted_bi_edge.h" />
    <ClInclude Include="weighted_edge.h" />
    <ClInclude Include="y_combinator.h" />
  </ItemGroup>
  <ItemGroup>
    <ClCompile Include="arbitrary_precision_integer.cpp" />
    <ClCompile Include="binary_insertion_sort.cpp" />
    <ClCompile Include="bit.cpp" />
    <ClCompile Include="bi_edge.cpp" />
    <ClCompile Include="bubble_sort.cpp" />
    <ClCompile Include="chash.cpp" />
    <ClCompile Include="choose.cpp" />
    <ClCompile Include="compress.cpp" />
    <ClCompile Include="counting_sort.cpp" />
    <ClCompile Include="debug.cpp" />
    <ClCompile Include="desopo_pape.cpp" />
    <ClCompile Include="digit_sum.cpp" />
    <ClCompile Include="dijkstra.cpp" />
    <ClCompile Include="distinctelements.cpp" />
    <ClCompile Include="dsu.cpp" />
    <ClCompile Include="edge.cpp" />
    <ClCompile Include="factorize.cpp" />
    <ClCompile Include="gcd.cpp" />
    <ClCompile Include="graph.cpp" />
    <ClCompile Include="heap_sort.cpp" />
    <ClCompile Include="input.cpp" />
    <ClCompile Include="insertion_sort.cpp" />
    <ClCompile Include="kosarajus_sccs.cpp" />
    <ClCompile Include="lcm.cpp" />
    <ClCompile Include="linear_diophantine.cpp" />
    <ClCompile Include="merge_sort.cpp" />
    <ClCompile Include="miller_rabin.cpp" />
    <ClCompile Include="modular.cpp" />
    <ClCompile Include="output.cpp" />
    <ClCompile Include="pollards_rho.cpp" />
    <ClCompile Include="polynomial.cpp" />
    <ClCompile Include="power.cpp" />
    <ClCompile Include="prng.cpp" />
    <ClCompile Include="quadratic_diophantine.cpp" />
    <ClCompile Include="quick_sort.cpp" />
    <ClCompile Include="selection_sort.cpp" />
    <ClCompile Include="timer.cpp" />
    <ClCompile Include="to_string.cpp" />
    <ClCompile Include="trailing_zero_bits.cpp" />
    <ClCompile Include="weighted_bi_edge.cpp" />
    <ClCompile Include="weighted_edge.cpp" />
    <ClCompile Include="y_combinator.cpp" />
  </ItemGroup>
</Project>